
Microsoft Visual Studio Solution File, Format Version 12.00
# Visual Studio Version 16
VisualStudioVersion = 16.0.31515.178
MinimumVisualStudioVersion = 10.0.40219.1
Project("{9A19103F-16F7-4668-BE54-9A1E7A4F7556}") = "CICLatest", "CICLatest\CICLatest.csproj", "{B543FAD7-F603-4D10-B187-D9665565C0C7}"
EndProject
Global
	GlobalSection(SolutionConfigurationPlatforms) = preSolution
		Debug|Any CPU = Debug|Any CPU
		Release|Any CPU = Release|Any CPU
	EndGlobalSection
	GlobalSection(ProjectConfigurationPlatforms) = postSolution
		{B543FAD7-F603-4D10-B187-D9665565C0C7}.Debug|Any CPU.ActiveCfg = Debug|Any CPU
		{B543FAD7-F603-4D10-B187-D9665565C0C7}.Debug|Any CPU.Build.0 = Debug|Any CPU
		{B543FAD7-F603-4D10-B187-D9665565C0C7}.Release|Any CPU.ActiveCfg = Release|Any CPU
		{B543FAD7-F603-4D10-B187-D9665565C0C7}.Release|Any CPU.Build.0 = Release|Any CPU
	EndGlobalSection
	GlobalSection(SolutionProperties) = preSolution
		HideSolutionNode = FALSE
	EndGlobalSection
	GlobalSection(ExtensibilityGlobals) = postSolution
		SolutionGuid = {621F26B5-FCCC-4AA7-A05A-38B2E76432E5}
	EndGlobalSection
EndGlobal
